<Solution>
  <Project Path="../PharmaPOS.Application/PharmaPOS.Application.csproj" Id="e9fa8f48-43a8-41d7-967a-36dba4c8a9df" />
  <Project Path="../PharmaPOS.DataAccess/PharmaPOS.DataAccess.csproj" Id="2f881364-cc34-4051-89b1-93b22eede3f9" />
  <Project Path="../PharmaPOS.Domain/PharmaPOS.Domain.csproj" Id="9b9d3d9c-4b14-4734-8571-7e2fb15490f2" />
  <Project Path="Lightweight Digital Inventory Management &amp; POS System.csproj" />
</Solution>
